
Microsoft Visual Studio Solution File, Format Version 12.00
# Visual Studio Version 17
VisualStudioVersion = 17.3.32922.545
MinimumVisualStudioVersion = 10.0.40219.1
Project("{2150E333-8FDC-42A3-9474-1A3956D46DE8}") = "1.UI", "1.UI", "{94D608A4-2784-465C-96D0-29B2D085006C}"
EndProject
Project("{2150E333-8FDC-42A3-9474-1A3956D46DE8}") = "2.Microservices", "2.Microservices", "{5E03EAF0-1BC2-4966-88FC-3DFFB611F197}"
EndProject
Project("{2150E333-8FDC-42A3-9474-1A3956D46DE8}") = "SearchApi", "SearchApi", "{6B1AB0E6-F056-4476-AA77-54362A3A31E9}"
EndProject
Project("{2150E333-8FDC-42A3-9474-1A3956D46DE8}") = "RegisterApi", "RegisterApi", "{322F233B-A6D0-44E9-9E5B-42CB6150F288}"
EndProject
Project("{9A19103F-16F7-4668-BE54-9A1E7A4F7556}") = "OigaDpr.RegisterApi", "OigaDpr.RegisterApi\OigaDpr.RegisterApi.csproj", "{41238341-B397-4A4B-966B-BAD6BB1FC3A7}"
EndProject
Project("{9A19103F-16F7-4668-BE54-9A1E7A4F7556}") = "OigaDpr.Web", "OigaDpr.Web\OigaDpr.Web.csproj", "{53BD9C82-C538-4D67-9875-0F6DE62F4D9A}"
EndProject
Project("{9A19103F-16F7-4668-BE54-9A1E7A4F7556}") = "OigaDpr.SearchApi", "OigaDpr.SearchApi\OigaDpr.SearchApi.csproj", "{2DEB1BF2-4829-473D-80BF-B7B41CD80611}"
EndProject
Global
	GlobalSection(SolutionConfigurationPlatforms) = preSolution
		Debug|Any CPU = Debug|Any CPU
		Release|Any CPU = Release|Any CPU
	EndGlobalSection
	GlobalSection(ProjectConfigurationPlatforms) = postSolution
		{41238341-B397-4A4B-966B-BAD6BB1FC3A7}.Debug|Any CPU.ActiveCfg = Debug|Any CPU
		{41238341-B397-4A4B-966B-BAD6BB1FC3A7}.Debug|Any CPU.Build.0 = Debug|Any CPU
		{41238341-B397-4A4B-966B-BAD6BB1FC3A7}.Release|Any CPU.ActiveCfg = Release|Any CPU
		{41238341-B397-4A4B-966B-BAD6BB1FC3A7}.Release|Any CPU.Build.0 = Release|Any CPU
		{53BD9C82-C538-4D67-9875-0F6DE62F4D9A}.Debug|Any CPU.ActiveCfg = Debug|Any CPU
		{53BD9C82-C538-4D67-9875-0F6DE62F4D9A}.Debug|Any CPU.Build.0 = Debug|Any CPU
		{53BD9C82-C538-4D67-9875-0F6DE62F4D9A}.Release|Any CPU.ActiveCfg = Release|Any CPU
		{53BD9C82-C538-4D67-9875-0F6DE62F4D9A}.Release|Any CPU.Build.0 = Release|Any CPU
		{2DEB1BF2-4829-473D-80BF-B7B41CD80611}.Debug|Any CPU.ActiveCfg = Debug|Any CPU
		{2DEB1BF2-4829-473D-80BF-B7B41CD80611}.Debug|Any CPU.Build.0 = Debug|Any CPU
		{2DEB1BF2-4829-473D-80BF-B7B41CD80611}.Release|Any CPU.ActiveCfg = Release|Any CPU
		{2DEB1BF2-4829-473D-80BF-B7B41CD80611}.Release|Any CPU.Build.0 = Release|Any CPU
	EndGlobalSection
	GlobalSection(SolutionProperties) = preSolution
		HideSolutionNode = FALSE
	EndGlobalSection
	GlobalSection(NestedProjects) = preSolution
		{6B1AB0E6-F056-4476-AA77-54362A3A31E9} = {5E03EAF0-1BC2-4966-88FC-3DFFB611F197}
		{322F233B-A6D0-44E9-9E5B-42CB6150F288} = {5E03EAF0-1BC2-4966-88FC-3DFFB611F197}
		{41238341-B397-4A4B-966B-BAD6BB1FC3A7} = {322F233B-A6D0-44E9-9E5B-42CB6150F288}
		{53BD9C82-C538-4D67-9875-0F6DE62F4D9A} = {94D608A4-2784-465C-96D0-29B2D085006C}
		{2DEB1BF2-4829-473D-80BF-B7B41CD80611} = {6B1AB0E6-F056-4476-AA77-54362A3A31E9}
	EndGlobalSection
	GlobalSection(ExtensibilityGlobals) = postSolution
		SolutionGuid = {C0308C88-2383-455D-B533-9C61BE2F83D2}
	EndGlobalSection
EndGlobal
